github.com/go-filesystems/detect v0.0.0-20260622114748-623b36231685 h1:nkzNjHTzx3CUrfE3DNIIxNXdAwn+KvU28PS7KhNiBP8=
github.com/go-filesystems/detect v0.0.0-20260622114748-623b36231685/go.mod h1:OCGE1O8l2Z41PODXWkuJOin83ooqHWh439jSpOGWb/Q=
github.com/go-filesystems/detect/fat32reg v0.0.0-20260622114748-623b36231685 h1:QVsZalhjok0Hvwl8JKr7qwA7Dsb33LUb3iMs5WRhC9I=
github.com/go-filesystems/detect/fat32reg v0.0.0-20260622114748-623b36231685/go.mod h1:OwExJSTfw5Qm1/dvFFbQIZLeuE1GKQLJTHr+f/Xz+HM=
github.com/go-filesystems/fat32 v0.0.0-20260622110031-1d68bab25618 h1:1q3c+HJXQAuAfNstfEYXzpKML3UB90hM5keebG8Zue4=
github.com/go-filesystems/fat32 v0.0.0-20260622110031-1d68bab25618/go.mod h1:rOT8cxm/YbwLTforZ/bd5QIiw0Ke+nZLboBH9Xa1U2g=
github.com/go-filesystems/interface v0.0.0-20260622072638-0b01d4fb163f h1:5HnRecjgsND+ESeX7EgGNvYL5ofL+bzJTqcvcSGo1BI=
github.com/go-filesystems/interface v0.0.0-20260622072638-0b01d4fb163f/go.mod h1:9WZHAmuKzDWHFtncQuJ3rJYWnAcgX3VsupSqYITgftE=
github.com/go-filesystems/interface v0.1.0 h1:Rec5051uFN55CTlZyF/3BAqhKB/HGWPKZRqW6Speb+k=
github.com/go-filesystems/interface v0.1.0/go.mod h1:9MDfHNNKg9cW1qBa3hmURQj4jiWIdTo9Xpgdt8ZzvV8=
github.com/go-filesystems/uefi v0.0.0-20260622110039-8bad894e467d h1:nQ+nQXFdra2r6eMuI0zxr9PvYOGXgmycTOTB5T9LWas=
github.com/go-filesystems/uefi v0.0.0-20260622110039-8bad894e467d/go.mod h1:T4WSiZsRTn8KuQixDMRZchs/BIYEBuYU7KhMLkp2r/4=
github.com/go-tpm2/attest v0.3.0 h1:0Fv441TL02P65BZyLklu384yhNsmuXhgw5nPd9Z+bYA=
github.com/go-tpm2/attest v0.3.0/go.mod h1:jTzQY5bvejQo+suOVtMg6On1hMGQUK4xgbMAgCboTr0=
github.com/go-tpm2/common v0.1.0 h1:VVxswlksVMyCKE9Ra0k1m8l22YSmCk2je8KGiwtY9bs=
github.com/go-tpm2/common v0.1.0/go.mod h1:YAn0c2kmze7OPO4Myn9FaEk/c+EayBap0dj7rnROcHs=
github.com/go-tpm2/tpm2 v0.6.0 h1:nj2Y0lQ/E4arJE5u61sZf2hBnKLeMO+xiCIBSG341y0=
github.com/go-tpm2/tpm2 v0.6.0/go.mod h1:ovPqrMNpQ2cBxLTb7XOoOaFr40wPYutTQgQvv8ko4Gk=
github.com/go-volumes/gpt v0.0.0-20260622100756-3721db1fbd05 h1:lIMMsOk/zC2LwsC99TyDLTcAa8+KHknnP3b6zGpM9+0=
github.com/go-volumes/gpt v0.0.0-20260622100756-3721db1fbd05/go.mod h1:eBAzPkLd8zHkg3WiYGk70M4g6PYY8S5K4JP+kEMs0mw=
github.com/go-volumes/safeio v0.0.0-20260622072324-7f8eb19f6f8c h1:rOwNQiP0VPnyUcRjiVq9QTOCJkN9heon0325hZdFLaQ=
github.com/go-volumes/safeio v0.0.0-20260622072324-7f8eb19f6f8c/go.mod h1:QQdGwEUmPSdzD+OPq+ZcKso9ljssqgBXNk0/9z7moho=
