github.com/go-filesystems/detect v0.0.0-20260622100514-ad3c237ff7a8 h1:cmPVV+XmBk/uRHQ2mklpCyfT6KB1V2NsdplCNJHdoVw=
github.com/go-filesystems/detect v0.0.0-20260622100514-ad3c237ff7a8/go.mod h1:XqhNFFH5oVfJo0PxwjqAD56Pl347dxj/zyp5l+gmzEg=
github.com/go-filesystems/detect/fat32reg v0.0.0-20260622100514-ad3c237ff7a8 h1:59fKpiN3lr8XKEfhDymVIm6D1KOmFKPLW1CytMJwjWY=
github.com/go-filesystems/detect/fat32reg v0.0.0-20260622100514-ad3c237ff7a8/go.mod h1:JDGy7UTCX4nuUs45isIo5mScXLUe5Oh41+QrQESvFWY=
github.com/go-filesystems/fat32 v0.0.0-20260622082158-99c94157eb55 h1:XaQZO9q/JCrEmzkce2yqZipu5hY1OgZVqeRGhquN6tU=
github.com/go-filesystems/fat32 v0.0.0-20260622082158-99c94157eb55/go.mod h1:6Kr17yTxoq61oE9ApCLNI14aeG2+XmcciuyXnzA6xOA=
github.com/go-filesystems/uefi v0.0.0-20260622100157-d19717ea67ff h1:hyW+xnATNHo5fh0YkwESGiuGJbmmXY9N7SG2/KS+m88=
github.com/go-filesystems/uefi v0.0.0-20260622100157-d19717ea67ff/go.mod h1:qz2Y3zMp7KW1qiGDhzSnast0hTwikN+kJT6Q/lpunuA=
github.com/go-tpm2/attest v0.3.0 h1:0Fv441TL02P65BZyLklu384yhNsmuXhgw5nPd9Z+bYA=
github.com/go-tpm2/attest v0.3.0/go.mod h1:jTzQY5bvejQo+suOVtMg6On1hMGQUK4xgbMAgCboTr0=
github.com/go-tpm2/common v0.1.0 h1:VVxswlksVMyCKE9Ra0k1m8l22YSmCk2je8KGiwtY9bs=
github.com/go-tpm2/common v0.1.0/go.mod h1:YAn0c2kmze7OPO4Myn9FaEk/c+EayBap0dj7rnROcHs=
github.com/go-tpm2/tpm2 v0.6.0 h1:nj2Y0lQ/E4arJE5u61sZf2hBnKLeMO+xiCIBSG341y0=
github.com/go-tpm2/tpm2 v0.6.0/go.mod h1:ovPqrMNpQ2cBxLTb7XOoOaFr40wPYutTQgQvv8ko4Gk=
github.com/go-volumes/gpt v0.0.0-20260622100756-3721db1fbd05 h1:lIMMsOk/zC2LwsC99TyDLTcAa8+KHknnP3b6zGpM9+0=
github.com/go-volumes/gpt v0.0.0-20260622100756-3721db1fbd05/go.mod h1:eBAzPkLd8zHkg3WiYGk70M4g6PYY8S5K4JP+kEMs0mw=
github.com/go-volumes/safeio v0.0.0-20260622072324-7f8eb19f6f8c h1:rOwNQiP0VPnyUcRjiVq9QTOCJkN9heon0325hZdFLaQ=
github.com/go-volumes/safeio v0.0.0-20260622072324-7f8eb19f6f8c/go.mod h1:QQdGwEUmPSdzD+OPq+ZcKso9ljssqgBXNk0/9z7moho=
